// !$*UTF8*$!
{
	archiveVersion = 1;
	classes = {
	};
	objectVersion = 56;
	objects = {

/* Begin PBXBuildFile section */
		C60D81B22B028A8800A187CC /* GitApp.swift in Sources */ = {isa = PBXBuildFile; fileRef = C60D81B12B028A8800A187CC /* GitApp.swift */; };
		C60D81B42B028A8800A187CC /* ContentView.swift in Sources */ = {isa = PBXBuildFile; fileRef = C60D81B32B028A8800A187CC /* ContentView.swift */; };
		C60D81B62B028A8900A187CC /* Assets.xcassets in Resources */ = {isa = PBXBuildFile; fileRef = C60D81B52B028A8900A187CC /* Assets.xcassets */; };
		C60D81B92B028A8900A187CC /* Preview Assets.xcassets in Resources */ = {isa = PBXBuildFile; fileRef = C60D81B82B028A8900A187CC /* Preview Assets.xcassets */; };
		C60D81C52B028ACA00A187CC /* PopupView.swift in Sources */ = {isa = PBXBuildFile; fileRef = C60D81C42B028ACA00A187CC /* PopupView.swift */; };
		C60D81C72B028AD400A187CC /* PopupViewModel.swift in Sources */ = {isa = PBXBuildFile; fileRef = C60D81C62B028AD400A187CC /* PopupViewModel.swift */; };
		C60D81CB2B028E7100A187CC /* ModelView.swift in Sources */ = {isa = PBXBuildFile; fileRef = C60D81CA2B028E7100A187CC /* ModelView.swift */; };
		C60D81CD2B028E7900A187CC /* ModelViewModel.swift in Sources */ = {isa = PBXBuildFile; fileRef = C60D81CC2B028E7900A187CC /* ModelViewModel.swift */; };
/* End PBXBuildFile section */

/* Begin PBXFileReference section */
		C60D81AE2B028A8800A187CC /* Git.app */ = {isa = PBXFileReference; explicitFileType = wrapper.application; includeInIndex = 0; path = Git.app; sourceTree = BUILT_PRODUCTS_DIR; };
		C60D81B12B028A8800A187CC /* GitApp.swift */ = {isa = PBXFileReference; lastKnownFileType = sourcecode.swift; path = GitApp.swift; sourceTree = "<group>"; };
		C60D81B32B028A8800A187CC /* ContentView.swift */ = {isa = PBXFileReference; lastKnownFileType = sourcecode.swift; path = ContentView.swift; sourceTree = "<group>"; };
		C60D81B52B028A8900A187CC /* Assets.xcassets */ = {isa = PBXFileReference; lastKnownFileType = folder.assetcatalog; path = Assets.xcassets; sourceTree = "<group>"; };
		C60D81B82B028A8900A187CC /* Preview Assets.xcassets */ = {isa = PBXFileReference; lastKnownFileType = folder.assetcatalog; path = "Preview Assets.xcassets"; sourceTree = "<group>"; };
		C60D81C42B028ACA00A187CC /* PopupView.swift */ = {isa = PBXFileReference; lastKnownFileType = sourcecode.swift; path = PopupView.swift; sourceTree = "<group>"; };
		C60D81C62B028AD400A187CC /* PopupViewModel.swift */ = {isa = PBXFileReference; lastKnownFileType = sourcecode.swift; path = PopupViewModel.swift; sourceTree = "<group>"; };
		C60D81CA2B028E7100A187CC /* ModelView.swift */ = {isa = PBXFileReference; lastKnownFileType = sourcecode.swift; path = ModelView.swift; sourceTree = "<group>"; };
		C60D81CC2B028E7900A187CC /* ModelViewModel.swift */ = {isa = PBXFileReference; lastKnownFileType = sourcecode.swift; path = ModelViewModel.swift; sourceTree = "<group>"; };
/* End PBXFileReference section */

/* Begin PBXFrameworksBuildPhase section */
		C60D81AB2B028A8800A187CC /* Frameworks */ = {
			isa = PBXFrameworksBuildPhase;
			buildActionMask = 2147483647;
			files = (
			);
			runOnlyForDeploymentPostprocessing = 0;
		};
/* End PBXFrameworksBuildPhase section */

/* Begin PBXGroup section */
		C60D81A52B028A8800A187CC = {
			isa = PBXGroup;
			children = (
				C60D81B02B028A8800A187CC /* Git */,
				C60D81AF2B028A8800A187CC /* Products */,
			);
			sourceTree = "<group>";
		};
		C60D81AF2B028A8800A187CC /* Products */ = {
			isa = PBXGroup;
			children = (
				C60D81AE2B028A8800A187CC /* Git.app */,
			);
			name = Products;
			sourceTree = "<group>";
		};
		C60D81B02B028A8800A187CC /* Git */ = {
			isa = PBXGroup;
			children = (
				C60D81C12B028AA100A187CC /* Popup */,
				C60D81C02B028A9B00A187CC /* Model */,
				C60D81BF2B028A9300A187CC /* App */,
				C60D81B52B028A8900A187CC /* Assets.xcassets */,
				C60D81B72B028A8900A187CC /* Preview Content */,
			);
			path = Git;
			sourceTree = "<group>";
		};
		C60D81B72B028A8900A187CC /* Preview Content */ = {
			isa = PBXGroup;
			children = (
				C60D81B82B028A8900A187CC /* Preview Assets.xcassets */,
			);
			path = "Preview Content";
			sourceTree = "<group>";
		};
		C60D81BF2B028A9300A187CC /* App */ = {
			isa = PBXGroup;
			children = (
				C60D81B12B028A8800A187CC /* GitApp.swift */,
				C60D81B32B028A8800A187CC /* ContentView.swift */,
			);
			path = App;
			sourceTree = "<group>";
		};
		C60D81C02B028A9B00A187CC /* Model */ = {
			isa = PBXGroup;
			children = (
				C60D81C82B028E4400A187CC /* View */,
				C60D81C92B028E4900A187CC /* ViewModel */,
			);
			path = Model;
			sourceTree = "<group>";
		};
		C60D81C12B028AA100A187CC /* Popup */ = {
			isa = PBXGroup;
			children = (
				C60D81C32B028AB400A187CC /* View */,
				C60D81C22B028AAC00A187CC /* ViewModel */,
			);
			path = Popup;
			sourceTree = "<group>";
		};
		C60D81C22B028AAC00A187CC /* ViewModel */ = {
			isa = PBXGroup;
			children = (
				C60D81C62B028AD400A187CC /* PopupViewModel.swift */,
			);
			path = ViewModel;
			sourceTree = "<group>";
		};
		C60D81C32B028AB400A187CC /* View */ = {
			isa = PBXGroup;
			children = (
				C60D81C42B028ACA00A187CC /* PopupView.swift */,
			);
			path = View;
			sourceTree = "<group>";
		};
		C60D81C82B028E4400A187CC /* View */ = {
			isa = PBXGroup;
			children = (
				C60D81CA2B028E7100A187CC /* ModelView.swift */,
			);
			path = View;
			sourceTree = "<group>";
		};
		C60D81C92B028E4900A187CC /* ViewModel */ = {
			isa = PBXGroup;
			children = (
				C60D81CC2B028E7900A187CC /* ModelViewModel.swift */,
			);
			path = ViewModel;
			sourceTree = "<group>";
		};
/* End PBXGroup section */

/* Begin PBXNativeTarget section */
		C60D81AD2B028A8800A187CC /* Git */ = {
			isa = PBXNativeTarget;
			buildConfigurationList = C60D81BC2B028A8900A187CC /* Build configuration list for PBXNativeTarget "Git" */;
			buildPhases = (
				C60D81AA2B028A8800A187CC /* Sources */,
				C60D81AB2B028A8800A187CC /* Frameworks */,
				C60D81AC2B028A8800A187CC /* Resources */,
			);
			buildRules = (
			);
			dependencies = (
			);
			name = Git;
			productName = Git;
			productReference = C60D81AE2B028A8800A187CC /* Git.app */;
			productType = "com.apple.product-type.application";
		};
/* End PBXNativeTarget section */

/* Begin PBXProject section */
		C60D81A62B028A8800A187CC /* Project object */ = {
			isa = PBXProject;
			attributes = {
				BuildIndependentTargetsInParallel = 1;
				LastSwiftUpdateCheck = 1500;
				LastUpgradeCheck = 1500;
				TargetAttributes = {
					C60D81AD2B028A8800A187CC = {
						CreatedOnToolsVersion = 15.0.1;
					};
				};
			};
			buildConfigurationList = C60D81A92B028A8800A187CC /* Build configuration list for PBXProject "Git" */;
			compatibilityVersion = "Xcode 14.0";
			developmentRegion = en;
			hasScannedForEncodings = 0;
			knownRegions = (
				en,
				Base,
			);
			mainGroup = C60D81A52B028A8800A187CC;
			productRefGroup = C60D81AF2B028A8800A187CC /* Products */;
			projectDirPath = "";
			projectRoot = "";
			targets = (
				C60D81AD2B028A8800A187CC /* Git */,
			);
		};
/* End PBXProject section */

/* Begin PBXResourcesBuildPhase section */
		C60D81AC2B028A8800A187CC /* Resources */ = {
			isa = PBXResourcesBuildPhase;
			buildActionMask = 2147483647;
			files = (
				C60D81B92B028A8900A187CC /* Preview Assets.xcassets in Resources */,
				C60D81B62B028A8900A187CC /* Assets.xcassets in Resources */,
			);
			runOnlyForDeploymentPostprocessing = 0;
		};
/* End PBXResourcesBuildPhase section */

/* Begin PBXSourcesBuildPhase section */
		C60D81AA2B028A8800A187CC /* Sources */ = {
			isa = PBXSourcesBuildPhase;
			buildActionMask = 2147483647;
			files = (
				C60D81C52B028ACA00A187CC /* PopupView.swift in Sources */,
				C60D81B42B028A8800A187CC /* ContentView.swift in Sources */,
				C60D81CD2B028E7900A187CC /* ModelViewModel.swift in Sources */,
				C60D81B22B028A8800A187CC /* GitApp.swift in Sources */,
				C60D81C72B028AD400A187CC /* PopupViewModel.swift in Sources */,
				C60D81CB2B028E7100A187CC /* ModelView.swift in Sources */,
			);
			runOnlyForDeploymentPostprocessing = 0;
		};
/* End PBXSourcesBuildPhase section */

/* Begin XCBuildConfiguration section */
		C60D81BA2B028A8900A187CC /* Debug */ = {
			isa = XCBuildConfiguration;
			buildSettings = {
				ALWAYS_SEARCH_USER_PATHS = NO;
				ASSETCATALOG_COMPILER_GENERATE_SWIFT_ASSET_SYMBOL_EXTENSIONS = YES;
				CLANG_ANALYZER_NONNULL = YES;
				CLANG_ANALYZER_NUMBER_OBJECT_CONVERSION = YES_AGGRESSIVE;
				CLANG_CXX_LANGUAGE_STANDARD = "gnu++20";
				CLANG_ENABLE_MODULES = YES;
				CLANG_ENABLE_OBJC_ARC = YES;
				CLANG_ENABLE_OBJC_WEAK = YES;
				CLANG_WARN_BLOCK_CAPTURE_AUTORELEASING = YES;
				CLANG_WARN_BOOL_CONVERSION = YES;
				CLANG_WARN_COMMA = YES;
				CLANG_WARN_CONSTANT_CONVERSION = YES;
				CLANG_WARN_DEPRECATED_OBJC_IMPLEMENTATIONS = YES;
				CLANG_WARN_DIRECT_OBJC_ISA_USAGE = YES_ERROR;
				CLANG_WARN_DOCUMENTATION_COMMENTS = YES;
				CLANG_WARN_EMPTY_BODY = YES;
				CLANG_WARN_ENUM_CONVERSION = YES;
				CLANG_WARN_INFINITE_RECURSION = YES;
				CLANG_WARN_INT_CONVERSION = YES;
				CLANG_WARN_NON_LITERAL_NULL_CONVERSION = YES;
				CLANG_WARN_OBJC_IMPLICIT_RETAIN_SELF = YES;
				CLANG_WARN_OBJC_LITERAL_CONVERSION = YES;
				CLANG_WARN_OBJC_ROOT_CLASS = YES_ERROR;
				CLANG_WARN_QUOTED_INCLUDE_IN_FRAMEWORK_HEADER = YES;
				CLANG_WARN_RANGE_LOOP_ANALYSIS = YES;
				CLANG_WARN_STRICT_PROTOTYPES = YES;
				CLANG_WARN_SUSPICIOUS_MOVE = YES;
				CLANG_WARN_UNGUARDED_AVAILABILITY = YES_AGGRESSIVE;
				CLANG_WARN_UNREACHABLE_CODE = YES;
				CLANG_WARN__DUPLICATE_METHOD_MATCH = YES;
				COPY_PHASE_STRIP = NO;
				DEBUG_INFORMATION_FORMAT = dwarf;
				ENABLE_STRICT_OBJC_MSGSEND = YES;
				ENABLE_TESTABILITY = YES;
				ENABLE_USER_SCRIPT_SANDBOXING = YES;
				GCC_C_LANGUAGE_STANDARD = gnu17;
				GCC_DYNAMIC_NO_PIC = NO;
				GCC_NO_COMMON_BLOCKS = YES;
				GCC_OPTIMIZATION_LEVEL = 0;
				GCC_PREPROCESSOR_DEFINITIONS = (
					"DEBUG=1",
					"$(inherited)",
				);
				GCC_WARN_64_TO_32_BIT_CONVERSION = YES;
				GCC_WARN_ABOUT_RETURN_TYPE = YES_ERROR;
				GCC_WARN_UNDECLARED_SELECTOR = YES;
				GCC_WARN_UNINITIALIZED_AUTOS = YES_AGGRESSIVE;
				GCC_WARN_UNUSED_FUNCTION = YES;
				GCC_WARN_UNUSED_VARIABLE = YES;
				IPHONEOS_DEPLOYMENT_TARGET = 17.0;
				LOCALIZATION_PREFERS_STRING_CATALOGS = YES;
				MTL_ENABLE_DEBUG_INFO = INCLUDE_SOURCE;
				MTL_FAST_MATH = YES;
				ONLY_ACTIVE_ARCH = YES;
				SDKROOT = iphoneos;
				SWIFT_ACTIVE_COMPILATION_CONDITIONS = "DEBUG $(inherited)";
				SWIFT_OPTIMIZATION_LEVEL = "-Onone";
			};
			name = Debug;
		};
		C60D81BB2B028A8900A187CC /* Release */ = {
			isa = XCBuildConfiguration;
			buildSettings = {
				ALWAYS_SEARCH_USER_PATHS = NO;
				ASSETCATALOG_COMPILER_GENERATE_SWIFT_ASSET_SYMBOL_EXTENSIONS = YES;
				CLANG_ANALYZER_NONNULL = YES;
				CLANG_ANALYZER_NUMBER_OBJECT_CONVERSION = YES_AGGRESSIVE;
				CLANG_CXX_LANGUAGE_STANDARD = "gnu++20";
				CLANG_ENABLE_MODULES = YES;
				CLANG_ENABLE_OBJC_ARC = YES;
				CLANG_ENABLE_OBJC_WEAK = YES;
				CLANG_WARN_BLOCK_CAPTURE_AUTORELEASING = YES;
				CLANG_WARN_BOOL_CONVERSION = YES;
				CLANG_WARN_COMMA = YES;
				CLANG_WARN_CONSTANT_CONVERSION = YES;
				CLANG_WARN_DEPRECATED_OBJC_IMPLEMENTATIONS = YES;
				CLANG_WARN_DIRECT_OBJC_ISA_USAGE = YES_ERROR;
				CLANG_WARN_DOCUMENTATION_COMMENTS = YES;
				CLANG_WARN_EMPTY_BODY = YES;
				CLANG_WARN_ENUM_CONVERSION = YES;
				CLANG_WARN_INFINITE_RECURSION = YES;
				CLANG_WARN_INT_CONVERSION = YES;
				CLANG_WARN_NON_LITERAL_NULL_CONVERSION = YES;
				CLANG_WARN_OBJC_IMPLICIT_RETAIN_SELF = YES;
				CLANG_WARN_OBJC_LITERAL_CONVERSION = YES;
				CLANG_WARN_OBJC_ROOT_CLASS = YES_ERROR;
				CLANG_WARN_QUOTED_INCLUDE_IN_FRAMEWORK_HEADER = YES;
				CLANG_WARN_RANGE_LOOP_ANALYSIS = YES;
				CLANG_WARN_STRICT_PROTOTYPES = YES;
				CLANG_WARN_SUSPICIOUS_MOVE = YES;
				CLANG_WARN_UNGUARDED_AVAILABILITY = YES_AGGRESSIVE;
				CLANG_WARN_UNREACHABLE_CODE = YES;
				CLANG_WARN__DUPLICATE_METHOD_MATCH = YES;
				COPY_PHASE_STRIP = NO;
				DEBUG_INFORMATION_FORMAT = "dwarf-with-dsym";
				ENABLE_NS_ASSERTIONS = NO;
				ENABLE_STRICT_OBJC_MSGSEND = YES;
				ENABLE_USER_SCRIPT_SANDBOXING = YES;
				GCC_C_LANGUAGE_STANDARD = gnu17;
				GCC_NO_COMMON_BLOCKS = YES;
				GCC_WARN_64_TO_32_BIT_CONVERSION = YES;
				GCC_WARN_ABOUT_RETURN_TYPE = YES_ERROR;
				GCC_WARN_UNDECLARED_SELECTOR = YES;
				GCC_WARN_UNINITIALIZED_AUTOS = YES_AGGRESSIVE;
				GCC_WARN_UNUSED_FUNCTION = YES;
				GCC_WARN_UNUSED_VARIABLE = YES;
				IPHONEOS_DEPLOYMENT_TARGET = 17.0;
				LOCALIZATION_PREFERS_STRING_CATALOGS = YES;
				MTL_ENABLE_DEBUG_INFO = NO;
				MTL_FAST_MATH = YES;
				SDKROOT = iphoneos;
				SWIFT_COMPILATION_MODE = wholemodule;
				VALIDATE_PRODUCT = YES;
			};
			name = Release;
		};
		C60D81BD2B028A8900A187CC /* Debug */ = {
			isa = XCBuildConfiguration;
			buildSettings = {
				ASSETCATALOG_COMPILER_APPICON_NAME = AppIcon;
				ASSETCATALOG_COMPILER_GLOBAL_ACCENT_COLOR_NAME = AccentColor;
				CODE_SIGN_STYLE = Automatic;
				CURRENT_PROJECT_VERSION = 1;
				DEVELOPMENT_ASSET_PATHS = "\"Git/Preview Content\"";
				DEVELOPMENT_TEAM = S2F5C2DDQ9;
				ENABLE_PREVIEWS = YES;
				GENERATE_INFOPLIST_FILE = YES;
				INFOPLIST_KEY_UIApplicationSceneManifest_Generation = YES;
				INFOPLIST_KEY_UIApplicationSupportsIndirectInputEvents = YES;
				INFOPLIST_KEY_UILaunchScreen_Generation = YES;
				INFOPLIST_KEY_UISupportedInterfaceOrientations_iPad = "UIInterfaceOrientationPortrait UIInterfaceOrientationPortraitUpsideDown UIInterfaceOrientationLandscapeLeft UIInterfaceOrientationLandscapeRight";
				INFOPLIST_KEY_UISupportedInterfaceOrientations_iPhone = "UIInterfaceOrientationPortrait UIInterfaceOrientationLandscapeLeft UIInterfaceOrientationLandscapeRight";
				LD_RUNPATH_SEARCH_PATHS = (
					"$(inherited)",
					"@executable_path/Frameworks",
				);
				MARKETING_VERSION = 1.0;
				PRODUCT_BUNDLE_IDENTIFIER = com.gitTutorial.Git;
				PRODUCT_NAME = "$(TARGET_NAME)";
				SWIFT_EMIT_LOC_STRINGS = YES;
				SWIFT_VERSION = 5.0;
				TARGETED_DEVICE_FAMILY = "1,2";
			};
			name = Debug;
		};
		C60D81BE2B028A8900A187CC /* Release */ = {
			isa = XCBuildConfiguration;
			buildSettings = {
				ASSETCATALOG_COMPILER_APPICON_NAME = AppIcon;
				ASSETCATALOG_COMPILER_GLOBAL_ACCENT_COLOR_NAME = AccentColor;
				CODE_SIGN_STYLE = Automatic;
				CURRENT_PROJECT_VERSION = 1;
				DEVELOPMENT_ASSET_PATHS = "\"Git/Preview Content\"";
				DEVELOPMENT_TEAM = S2F5C2DDQ9;
				ENABLE_PREVIEWS = YES;
				GENERATE_INFOPLIST_FILE = YES;
				INFOPLIST_KEY_UIApplicationSceneManifest_Generation = YES;
				INFOPLIST_KEY_UIApplicationSupportsIndirectInputEvents = YES;
				INFOPLIST_KEY_UILaunchScreen_Generation = YES;
				INFOPLIST_KEY_UISupportedInterfaceOrientations_iPad = "UIInterfaceOrientationPortrait UIInterfaceOrientationPortraitUpsideDown UIInterfaceOrientationLandscapeLeft UIInterfaceOrientationLandscapeRight";
				INFOPLIST_KEY_UISupportedInterfaceOrientations_iPhone = "UIInterfaceOrientationPortrait UIInterfaceOrientationLandscapeLeft UIInterfaceOrientationLandscapeRight";
				LD_RUNPATH_SEARCH_PATHS = (
					"$(inherited)",
					"@executable_path/Frameworks",
				);
				MARKETING_VERSION = 1.0;
				PRODUCT_BUNDLE_IDENTIFIER = com.gitTutorial.Git;
				PRODUCT_NAME = "$(TARGET_NAME)";
				SWIFT_EMIT_LOC_STRINGS = YES;
				SWIFT_VERSION = 5.0;
				TARGETED_DEVICE_FAMILY = "1,2";
			};
			name = Release;
		};
/* End XCBuildConfiguration section */

/* Begin XCConfigurationList section */
		C60D81A92B028A8800A187CC /* Build configuration list for PBXProject "Git" */ = {
			isa = XCConfigurationList;
			buildConfigurations = (
				C60D81BA2B028A8900A187CC /* Debug */,
				C60D81BB2B028A8900A187CC /* Release */,
			);
			defaultConfigurationIsVisible = 0;
			defaultConfigurationName = Release;
		};
		C60D81BC2B028A8900A187CC /* Build configuration list for PBXNativeTarget "Git" */ = {
			isa = XCConfigurationList;
			buildConfigurations = (
				C60D81BD2B028A8900A187CC /* Debug */,
				C60D81BE2B028A8900A187CC /* Release */,
			);
			defaultConfigurationIsVisible = 0;
			defaultConfigurationName = Release;
		};
/* End XCConfigurationList section */
	};
	rootObject = C60D81A62B028A8800A187CC /* Project object */;
}
